
Microsoft Visual Studio Solution File, Format Version 12.00
# Visual Studio Version 17
VisualStudioVersion = 17.2.32516.85
MinimumVisualStudioVersion = 10.0.40219.1
Project("{FAE04EC0-301F-11D3-BF4B-00C04F79EFBC}") = "AWS.Web", "AWS.Web\AWS.Web.csproj", "{BCF035E4-9EB2-4BD9-84D0-E0EC0F5AF48D}"
EndProject
Global
	GlobalSection(SolutionConfigurationPlatforms) = preSolution
		Debug|Any CPU = Debug|Any CPU
		Release|Any CPU = Release|Any CPU
	EndGlobalSection
	GlobalSection(ProjectConfigurationPlatforms) = postSolution
		{BCF035E4-9EB2-4BD9-84D0-E0EC0F5AF48D}.Debug|Any CPU.ActiveCfg = Debug|Any CPU
		{BCF035E4-9EB2-4BD9-84D0-E0EC0F5AF48D}.Debug|Any CPU.Build.0 = Debug|Any CPU
		{BCF035E4-9EB2-4BD9-84D0-E0EC0F5AF48D}.Release|Any CPU.ActiveCfg = Release|Any CPU
		{BCF035E4-9EB2-4BD9-84D0-E0EC0F5AF48D}.Release|Any CPU.Build.0 = Release|Any CPU
	EndGlobalSection
	GlobalSection(SolutionProperties) = preSolution
		HideSolutionNode = FALSE
	EndGlobalSection
	GlobalSection(ExtensibilityGlobals) = postSolution
		SolutionGuid = {CE033CE5-1C12-4B42-BDA2-29F46361CB5E}
	EndGlobalSection
EndGlobal
